
Microsoft Visual Studio Solution File, Format Version 12.00
# Visual Studio Version 17
VisualStudioVersion = 17.11.35327.3
MinimumVisualStudioVersion = 10.0.40219.1
Project("{FAE04EC0-301F-11D3-BF4B-00C04F79EFBC}") = "yazilim231002", "yazilim231002.csproj", "{DE5112CC-6A44-4083-BD41-ED008032D2A5}"
EndProject
Global
	GlobalSection(SolutionConfigurationPlatforms) = preSolution
		Debug|Any CPU = Debug|Any CPU
		Release|Any CPU = Release|Any CPU
	EndGlobalSection
	GlobalSection(ProjectConfigurationPlatforms) = postSolution
		{DE5112CC-6A44-4083-BD41-ED008032D2A5}.Debug|Any CPU.ActiveCfg = Debug|Any CPU
		{DE5112CC-6A44-4083-BD41-ED008032D2A5}.Debug|Any CPU.Build.0 = Debug|Any CPU
		{DE5112CC-6A44-4083-BD41-ED008032D2A5}.Release|Any CPU.ActiveCfg = Release|Any CPU
		{DE5112CC-6A44-4083-BD41-ED008032D2A5}.Release|Any CPU.Build.0 = Release|Any CPU
	EndGlobalSection
	GlobalSection(SolutionProperties) = preSolution
		HideSolutionNode = FALSE
	EndGlobalSection
	GlobalSection(ExtensibilityGlobals) = postSolution
		SolutionGuid = {19CD3040-906D-4F61-831F-C0DBB1E4EB7B}
	EndGlobalSection
EndGlobal
